{
  "name": "paella-core",
  "version": "2.0.0",
  "lockfileVersion": 3,
  "requires": true,
  "packages": {
    "": {
      "name": "paella-core",
      "version": "2.0.0",
      "license": "ECL-2.0",
      "dependencies": {
        "hls.js": "^1.0.4"
      },
      "devDependencies": {}
    },
    "node_modules/hls.js": {
      "version": "1.5.1",
      "resolved": "https://registry.npmjs.org/hls.js/-/hls.js-1.5.1.tgz",
      "integrity": "sha512-SsUSlpyjOGnwBhVrVEG6vRFPU2SAJ0gUqrFdGeo7YPbOC0vuWK0TDMyp7n3QiaBC/Wkic771uqPnnVdT8/x+3Q=="
    }
  }
}
